
Microsoft Visual Studio Solution File, Format Version 12.00
# Visual Studio Version 16
VisualStudioVersion = 16.0.31424.327
MinimumVisualStudioVersion = 10.0.40219.1
Project("{FAE04EC0-301F-11D3-BF4B-00C04F79EFBC}") = "WinFormsApp1", "WinFormsApp1\WinFormsApp1.csproj", "{1425EA82-E785-4B9A-9778-9C8A44A03462}"
EndProject
Global
	GlobalSection(SolutionConfigurationPlatforms) = preSolution
		Debug|Any CPU = Debug|Any CPU
		Release|Any CPU = Release|Any CPU
	EndGlobalSection
	GlobalSection(ProjectConfigurationPlatforms) = postSolution
		{1425EA82-E785-4B9A-9778-9C8A44A03462}.Debug|Any CPU.ActiveCfg = Debug|Any CPU
		{1425EA82-E785-4B9A-9778-9C8A44A03462}.Debug|Any CPU.Build.0 = Debug|Any CPU
		{1425EA82-E785-4B9A-9778-9C8A44A03462}.Release|Any CPU.ActiveCfg = Release|Any CPU
		{1425EA82-E785-4B9A-9778-9C8A44A03462}.Release|Any CPU.Build.0 = Release|Any CPU
	EndGlobalSection
	GlobalSection(SolutionProperties) = preSolution
		HideSolutionNode = FALSE
	EndGlobalSection
	GlobalSection(ExtensibilityGlobals) = postSolution
		SolutionGuid = {792DFFE2-00ED-4261-BBA6-A3E229108776}
	EndGlobalSection
EndGlobal
